
Microsoft Visual Studio Solution File, Format Version 12.00
# Visual Studio Version 16
VisualStudioVersion = 16.0.30114.105
MinimumVisualStudioVersion = 10.0.40219.1
Project("{2150E333-8FDC-42A3-9474-1A3956D46DE8}") = "SharedLibraries", "SharedLibraries", "{04EFE030-8EDA-4F7F-9C96-E119D4757C42}"
EndProject
Project("{2150E333-8FDC-42A3-9474-1A3956D46DE8}") = "Models", "Models", "{E316C83D-641E-49F0-8E28-A37F843D87FF}"
EndProject
Project("{2150E333-8FDC-42A3-9474-1A3956D46DE8}") = "DataAccess", "DataAccess", "{7150956B-2A79-4A22-98A7-B8FF90770263}"
EndProject
Project("{2150E333-8FDC-42A3-9474-1A3956D46DE8}") = "API", "API", "{56E943D8-C17D-43D4-9C02-F64F9BC3FA44}"
EndProject
Project("{2150E333-8FDC-42A3-9474-1A3956D46DE8}") = "Application", "Application", "{54FF8C40-28EF-4679-AA34-216A66A8040C}"
EndProject
Project("{2150E333-8FDC-42A3-9474-1A3956D46DE8}") = "src", "src", "{76ED7D05-951F-41CE-B76D-07BE645D8BCD}"
EndProject
Project("{2150E333-8FDC-42A3-9474-1A3956D46DE8}") = "test", "test", "{10D00463-6763-4B08-AF96-3C31C9BF56D3}"
EndProject
Project("{9A19103F-16F7-4668-BE54-9A1E7A4F7556}") = "Tests", "test\Tests\Tests.csproj", "{582C86C9-0540-4B79-BDFE-66AD5F79C119}"
EndProject
Project("{9A19103F-16F7-4668-BE54-9A1E7A4F7556}") = "Sphere.DateTime", "src\Sphere.DateTime\Sphere.DateTime.csproj", "{D76764E1-49FA-44E5-80B9-595D7516E424}"
EndProject
Project("{9A19103F-16F7-4668-BE54-9A1E7A4F7556}") = "Sphere.Monitor", "src\Sphere.Monitor\Sphere.Monitor.csproj", "{D13C16F5-6A61-468A-9205-DA43635BCD61}"
EndProject
Project("{9A19103F-16F7-4668-BE54-9A1E7A4F7556}") = "Sphere.Readable", "src\Sphere.Readable\Sphere.Readable.csproj", "{22E28764-296A-4799-98CC-6A7C2E7EA1BC}"
EndProject
Project("{9A19103F-16F7-4668-BE54-9A1E7A4F7556}") = "Checkem.Models", "src\Checkem.Models\Checkem.Models.csproj", "{548DB6B7-0460-4A56-A734-F359C3027689}"
EndProject
Project("{9A19103F-16F7-4668-BE54-9A1E7A4F7556}") = "Checkem.Windows", "src\Checkem.Windows\Checkem.Windows.csproj", "{981799E1-D0A3-48BD-A2A7-67605AE00583}"
EndProject
Global
	GlobalSection(SolutionConfigurationPlatforms) = preSolution
		Debug|Any CPU = Debug|Any CPU
		Debug|x64 = Debug|x64
		Debug|x86 = Debug|x86
		Release|Any CPU = Release|Any CPU
		Release|x64 = Release|x64
		Release|x86 = Release|x86
	EndGlobalSection
	GlobalSection(ProjectConfigurationPlatforms) = postSolution
		{582C86C9-0540-4B79-BDFE-66AD5F79C119}.Debug|Any CPU.ActiveCfg = Debug|Any CPU
		{582C86C9-0540-4B79-BDFE-66AD5F79C119}.Debug|Any CPU.Build.0 = Debug|Any CPU
		{582C86C9-0540-4B79-BDFE-66AD5F79C119}.Debug|x64.ActiveCfg = Debug|Any CPU
		{582C86C9-0540-4B79-BDFE-66AD5F79C119}.Debug|x64.Build.0 = Debug|Any CPU
		{582C86C9-0540-4B79-BDFE-66AD5F79C119}.Debug|x86.ActiveCfg = Debug|Any CPU
		{582C86C9-0540-4B79-BDFE-66AD5F79C119}.Debug|x86.Build.0 = Debug|Any CPU
		{582C86C9-0540-4B79-BDFE-66AD5F79C119}.Release|Any CPU.ActiveCfg = Release|Any CPU
		{582C86C9-0540-4B79-BDFE-66AD5F79C119}.Release|Any CPU.Build.0 = Release|Any CPU
		{582C86C9-0540-4B79-BDFE-66AD5F79C119}.Release|x64.ActiveCfg = Release|Any CPU
		{582C86C9-0540-4B79-BDFE-66AD5F79C119}.Release|x64.Build.0 = Release|Any CPU
		{582C86C9-0540-4B79-BDFE-66AD5F79C119}.Release|x86.ActiveCfg = Release|Any CPU
		{582C86C9-0540-4B79-BDFE-66AD5F79C119}.Release|x86.Build.0 = Release|Any CPU
		{D76764E1-49FA-44E5-80B9-595D7516E424}.Debug|Any CPU.ActiveCfg = Debug|Any CPU
		{D76764E1-49FA-44E5-80B9-595D7516E424}.Debug|Any CPU.Build.0 = Debug|Any CPU
		{D76764E1-49FA-44E5-80B9-595D7516E424}.Debug|x64.ActiveCfg = Debug|Any CPU
		{D76764E1-49FA-44E5-80B9-595D7516E424}.Debug|x64.Build.0 = Debug|Any CPU
		{D76764E1-49FA-44E5-80B9-595D7516E424}.Debug|x86.ActiveCfg = Debug|Any CPU
		{D76764E1-49FA-44E5-80B9-595D7516E424}.Debug|x86.Build.0 = Debug|Any CPU
		{D76764E1-49FA-44E5-80B9-595D7516E424}.Release|Any CPU.ActiveCfg = Release|Any CPU
		{D76764E1-49FA-44E5-80B9-595D7516E424}.Release|Any CPU.Build.0 = Release|Any CPU
		{D76764E1-49FA-44E5-80B9-595D7516E424}.Release|x64.ActiveCfg = Release|Any CPU
		{D76764E1-49FA-44E5-80B9-595D7516E424}.Release|x64.Build.0 = Release|Any CPU
		{D76764E1-49FA-44E5-80B9-595D7516E424}.Release|x86.ActiveCfg = Release|Any CPU
		{D76764E1-49FA-44E5-80B9-595D7516E424}.Release|x86.Build.0 = Release|Any CPU
		{D13C16F5-6A61-468A-9205-DA43635BCD61}.Debug|Any CPU.ActiveCfg = Debug|Any CPU
		{D13C16F5-6A61-468A-9205-DA43635BCD61}.Debug|Any CPU.Build.0 = Debug|Any CPU
		{D13C16F5-6A61-468A-9205-DA43635BCD61}.Debug|x64.ActiveCfg = Debug|Any CPU
		{D13C16F5-6A61-468A-9205-DA43635BCD61}.Debug|x64.Build.0 = Debug|Any CPU
		{D13C16F5-6A61-468A-9205-DA43635BCD61}.Debug|x86.ActiveCfg = Debug|Any CPU
		{D13C16F5-6A61-468A-9205-DA43635BCD61}.Debug|x86.Build.0 = Debug|Any CPU
		{D13C16F5-6A61-468A-9205-DA43635BCD61}.Release|Any CPU.ActiveCfg = Release|Any CPU
		{D13C16F5-6A61-468A-9205-DA43635BCD61}.Release|Any CPU.Build.0 = Release|Any CPU
		{D13C16F5-6A61-468A-9205-DA43635BCD61}.Release|x64.ActiveCfg = Release|Any CPU
		{D13C16F5-6A61-468A-9205-DA43635BCD61}.Release|x64.Build.0 = Release|Any CPU
		{D13C16F5-6A61-468A-9205-DA43635BCD61}.Release|x86.ActiveCfg = Release|Any CPU
		{D13C16F5-6A61-468A-9205-DA43635BCD61}.Release|x86.Build.0 = Release|Any CPU
		{22E28764-296A-4799-98CC-6A7C2E7EA1BC}.Debug|Any CPU.ActiveCfg = Debug|Any CPU
		{22E28764-296A-4799-98CC-6A7C2E7EA1BC}.Debug|Any CPU.Build.0 = Debug|Any CPU
		{22E28764-296A-4799-98CC-6A7C2E7EA1BC}.Debug|x64.ActiveCfg = Debug|Any CPU
		{22E28764-296A-4799-98CC-6A7C2E7EA1BC}.Debug|x64.Build.0 = Debug|Any CPU
		{22E28764-296A-4799-98CC-6A7C2E7EA1BC}.Debug|x86.ActiveCfg = Debug|Any CPU
		{22E28764-296A-4799-98CC-6A7C2E7EA1BC}.Debug|x86.Build.0 = Debug|Any CPU
		{22E28764-296A-4799-98CC-6A7C2E7EA1BC}.Release|Any CPU.ActiveCfg = Release|Any CPU
		{22E28764-296A-4799-98CC-6A7C2E7EA1BC}.Release|Any CPU.Build.0 = Release|Any CPU
		{22E28764-296A-4799-98CC-6A7C2E7EA1BC}.Release|x64.ActiveCfg = Release|Any CPU
		{22E28764-296A-4799-98CC-6A7C2E7EA1BC}.Release|x64.Build.0 = Release|Any CPU
		{22E28764-296A-4799-98CC-6A7C2E7EA1BC}.Release|x86.ActiveCfg = Release|Any CPU
		{22E28764-296A-4799-98CC-6A7C2E7EA1BC}.Release|x86.Build.0 = Release|Any CPU
		{548DB6B7-0460-4A56-A734-F359C3027689}.Debug|Any CPU.ActiveCfg = Debug|Any CPU
		{548DB6B7-0460-4A56-A734-F359C3027689}.Debug|Any CPU.Build.0 = Debug|Any CPU
		{548DB6B7-0460-4A56-A734-F359C3027689}.Debug|x64.ActiveCfg = Debug|Any CPU
		{548DB6B7-0460-4A56-A734-F359C3027689}.Debug|x64.Build.0 = Debug|Any CPU
		{548DB6B7-0460-4A56-A734-F359C3027689}.Debug|x86.ActiveCfg = Debug|Any CPU
		{548DB6B7-0460-4A56-A734-F359C3027689}.Debug|x86.Build.0 = Debug|Any CPU
		{548DB6B7-0460-4A56-A734-F359C3027689}.Release|Any CPU.ActiveCfg = Release|Any CPU
		{548DB6B7-0460-4A56-A734-F359C3027689}.Release|Any CPU.Build.0 = Release|Any CPU
		{548DB6B7-0460-4A56-A734-F359C3027689}.Release|x64.ActiveCfg = Release|Any CPU
		{548DB6B7-0460-4A56-A734-F359C3027689}.Release|x64.Build.0 = Release|Any CPU
		{548DB6B7-0460-4A56-A734-F359C3027689}.Release|x86.ActiveCfg = Release|Any CPU
		{548DB6B7-0460-4A56-A734-F359C3027689}.Release|x86.Build.0 = Release|Any CPU
		{981799E1-D0A3-48BD-A2A7-67605AE00583}.Debug|Any CPU.ActiveCfg = Debug|Any CPU
		{981799E1-D0A3-48BD-A2A7-67605AE00583}.Debug|Any CPU.Build.0 = Debug|Any CPU
		{981799E1-D0A3-48BD-A2A7-67605AE00583}.Debug|x64.ActiveCfg = Debug|Any CPU
		{981799E1-D0A3-48BD-A2A7-67605AE00583}.Debug|x64.Build.0 = Debug|Any CPU
		{981799E1-D0A3-48BD-A2A7-67605AE00583}.Debug|x86.ActiveCfg = Debug|Any CPU
		{981799E1-D0A3-48BD-A2A7-67605AE00583}.Debug|x86.Build.0 = Debug|Any CPU
		{981799E1-D0A3-48BD-A2A7-67605AE00583}.Release|Any CPU.ActiveCfg = Release|Any CPU
		{981799E1-D0A3-48BD-A2A7-67605AE00583}.Release|Any CPU.Build.0 = Release|Any CPU
		{981799E1-D0A3-48BD-A2A7-67605AE00583}.Release|x64.ActiveCfg = Release|Any CPU
		{981799E1-D0A3-48BD-A2A7-67605AE00583}.Release|x64.Build.0 = Release|Any CPU
		{981799E1-D0A3-48BD-A2A7-67605AE00583}.Release|x86.ActiveCfg = Release|Any CPU
		{981799E1-D0A3-48BD-A2A7-67605AE00583}.Release|x86.Build.0 = Release|Any CPU
	EndGlobalSection
	GlobalSection(SolutionProperties) = preSolution
		HideSolutionNode = FALSE
	EndGlobalSection
	GlobalSection(NestedProjects) = preSolution
		{04EFE030-8EDA-4F7F-9C96-E119D4757C42} = {76ED7D05-951F-41CE-B76D-07BE645D8BCD}
		{E316C83D-641E-49F0-8E28-A37F843D87FF} = {76ED7D05-951F-41CE-B76D-07BE645D8BCD}
		{7150956B-2A79-4A22-98A7-B8FF90770263} = {76ED7D05-951F-41CE-B76D-07BE645D8BCD}
		{56E943D8-C17D-43D4-9C02-F64F9BC3FA44} = {76ED7D05-951F-41CE-B76D-07BE645D8BCD}
		{54FF8C40-28EF-4679-AA34-216A66A8040C} = {76ED7D05-951F-41CE-B76D-07BE645D8BCD}
		{582C86C9-0540-4B79-BDFE-66AD5F79C119} = {10D00463-6763-4B08-AF96-3C31C9BF56D3}
		{D76764E1-49FA-44E5-80B9-595D7516E424} = {04EFE030-8EDA-4F7F-9C96-E119D4757C42}
		{D13C16F5-6A61-468A-9205-DA43635BCD61} = {04EFE030-8EDA-4F7F-9C96-E119D4757C42}
		{22E28764-296A-4799-98CC-6A7C2E7EA1BC} = {04EFE030-8EDA-4F7F-9C96-E119D4757C42}
		{548DB6B7-0460-4A56-A734-F359C3027689} = {E316C83D-641E-49F0-8E28-A37F843D87FF}
		{981799E1-D0A3-48BD-A2A7-67605AE00583} = {54FF8C40-28EF-4679-AA34-216A66A8040C}
	EndGlobalSection
	GlobalSection(ExtensibilityGlobals) = postSolution
		SolutionGuid = {11A87A6E-C5E0-443E-B522-0D3625A69047}
	EndGlobalSection
EndGlobal
