
Microsoft Visual Studio Solution File, Format Version 12.00
# Visual Studio Version 16
VisualStudioVersion = 16.0.30114.105
MinimumVisualStudioVersion = 10.0.40219.1
Project("{FAE04EC0-301F-11D3-BF4B-00C04F79EFBC}") = "ProjectSC", "ProjectSC\ProjectSC.csproj", "{7DDDE64C-8D93-4B31-BD06-23A3B471F5E8}"
EndProject
Project("{2150E333-8FDC-42A3-9474-1A3956D46DE8}") = "Solution Items", "Solution Items", "{8933759C-B163-4EE9-BCF3-CD93F767FDB7}"
	ProjectSection(SolutionItems) = preProject
		Checkem\bin\Debug\net5.0-windows\Inventory.json = Checkem\bin\Debug\net5.0-windows\Inventory.json
	EndProjectSection
EndProject
Project("{9A19103F-16F7-4668-BE54-9A1E7A4F7556}") = "Checkem", "Checkem\Checkem.csproj", "{60039D99-FD89-4BE0-9CC1-E26CECEB5B12}"
EndProject
Project("{9A19103F-16F7-4668-BE54-9A1E7A4F7556}") = "Sphere.Data", "Sphere.Data\Sphere.Data.csproj", "{54B60FB6-1C9E-46E8-A251-722A1A7569F7}"
EndProject
Project("{9A19103F-16F7-4668-BE54-9A1E7A4F7556}") = "Sphere.Monitor", "Sphere.Monitor\Sphere.Monitor.csproj", "{A3F26C0A-256D-4F95-9CDE-5BBABEBCF833}"
EndProject
Project("{9A19103F-16F7-4668-BE54-9A1E7A4F7556}") = "Sphere.Readable", "Sphere.Readable\Sphere.Readable.csproj", "{9EDDF553-D310-4CC2-AFB2-4AD8DB5C8C47}"
EndProject
Project("{2150E333-8FDC-42A3-9474-1A3956D46DE8}") = "Shared libraries", "Shared libraries", "{04EFE030-8EDA-4F7F-9C96-E119D4757C42}"
EndProject
Project("{9A19103F-16F7-4668-BE54-9A1E7A4F7556}") = "Checkem.Models", "Checkem.Models\Checkem.Models.csproj", "{10745431-8EA1-4246-A502-70E0A593ACB0}"
EndProject
Project("{2150E333-8FDC-42A3-9474-1A3956D46DE8}") = "Tests", "Tests", "{61A18549-F841-458E-AF23-54F57A2DFAC2}"
EndProject
Project("{9A19103F-16F7-4668-BE54-9A1E7A4F7556}") = "Sphere.DateTime", "Sphere.DateTime\Sphere.DateTime.csproj", "{802118DF-B1B4-4D80-B8C3-0C28C27325A1}"
EndProject
Project("{FAE04EC0-301F-11D3-BF4B-00C04F79EFBC}") = "Library.Tests", "Library.Tests\Library.Tests.csproj", "{925F9BBE-EED5-48FB-B28D-EEF97EA53BB5}"
EndProject
Global
	GlobalSection(SolutionConfigurationPlatforms) = preSolution
		Debug|Any CPU = Debug|Any CPU
		Debug|x64 = Debug|x64
		Debug|x86 = Debug|x86
		Release|Any CPU = Release|Any CPU
		Release|x64 = Release|x64
		Release|x86 = Release|x86
	EndGlobalSection
	GlobalSection(ProjectConfigurationPlatforms) = postSolution
		{7DDDE64C-8D93-4B31-BD06-23A3B471F5E8}.Debug|Any CPU.ActiveCfg = Debug|Any CPU
		{7DDDE64C-8D93-4B31-BD06-23A3B471F5E8}.Debug|Any CPU.Build.0 = Debug|Any CPU
		{7DDDE64C-8D93-4B31-BD06-23A3B471F5E8}.Debug|x64.ActiveCfg = Debug|x64
		{7DDDE64C-8D93-4B31-BD06-23A3B471F5E8}.Debug|x64.Build.0 = Debug|x64
		{7DDDE64C-8D93-4B31-BD06-23A3B471F5E8}.Debug|x86.ActiveCfg = Debug|x86
		{7DDDE64C-8D93-4B31-BD06-23A3B471F5E8}.Debug|x86.Build.0 = Debug|x86
		{7DDDE64C-8D93-4B31-BD06-23A3B471F5E8}.Release|Any CPU.ActiveCfg = Release|Any CPU
		{7DDDE64C-8D93-4B31-BD06-23A3B471F5E8}.Release|Any CPU.Build.0 = Release|Any CPU
		{7DDDE64C-8D93-4B31-BD06-23A3B471F5E8}.Release|x64.ActiveCfg = Release|x64
		{7DDDE64C-8D93-4B31-BD06-23A3B471F5E8}.Release|x64.Build.0 = Release|x64
		{7DDDE64C-8D93-4B31-BD06-23A3B471F5E8}.Release|x86.ActiveCfg = Release|x86
		{7DDDE64C-8D93-4B31-BD06-23A3B471F5E8}.Release|x86.Build.0 = Release|x86
		{60039D99-FD89-4BE0-9CC1-E26CECEB5B12}.Debug|Any CPU.ActiveCfg = Debug|Any CPU
		{60039D99-FD89-4BE0-9CC1-E26CECEB5B12}.Debug|Any CPU.Build.0 = Debug|Any CPU
		{60039D99-FD89-4BE0-9CC1-E26CECEB5B12}.Debug|x64.ActiveCfg = Debug|Any CPU
		{60039D99-FD89-4BE0-9CC1-E26CECEB5B12}.Debug|x64.Build.0 = Debug|Any CPU
		{60039D99-FD89-4BE0-9CC1-E26CECEB5B12}.Debug|x86.ActiveCfg = Debug|Any CPU
		{60039D99-FD89-4BE0-9CC1-E26CECEB5B12}.Debug|x86.Build.0 = Debug|Any CPU
		{60039D99-FD89-4BE0-9CC1-E26CECEB5B12}.Release|Any CPU.ActiveCfg = Release|Any CPU
		{60039D99-FD89-4BE0-9CC1-E26CECEB5B12}.Release|Any CPU.Build.0 = Release|Any CPU
		{60039D99-FD89-4BE0-9CC1-E26CECEB5B12}.Release|x64.ActiveCfg = Release|Any CPU
		{60039D99-FD89-4BE0-9CC1-E26CECEB5B12}.Release|x64.Build.0 = Release|Any CPU
		{60039D99-FD89-4BE0-9CC1-E26CECEB5B12}.Release|x86.ActiveCfg = Release|Any CPU
		{60039D99-FD89-4BE0-9CC1-E26CECEB5B12}.Release|x86.Build.0 = Release|Any CPU
		{54B60FB6-1C9E-46E8-A251-722A1A7569F7}.Debug|Any CPU.ActiveCfg = Debug|Any CPU
		{54B60FB6-1C9E-46E8-A251-722A1A7569F7}.Debug|Any CPU.Build.0 = Debug|Any CPU
		{54B60FB6-1C9E-46E8-A251-722A1A7569F7}.Debug|x64.ActiveCfg = Debug|Any CPU
		{54B60FB6-1C9E-46E8-A251-722A1A7569F7}.Debug|x64.Build.0 = Debug|Any CPU
		{54B60FB6-1C9E-46E8-A251-722A1A7569F7}.Debug|x86.ActiveCfg = Debug|Any CPU
		{54B60FB6-1C9E-46E8-A251-722A1A7569F7}.Debug|x86.Build.0 = Debug|Any CPU
		{54B60FB6-1C9E-46E8-A251-722A1A7569F7}.Release|Any CPU.ActiveCfg = Release|Any CPU
		{54B60FB6-1C9E-46E8-A251-722A1A7569F7}.Release|Any CPU.Build.0 = Release|Any CPU
		{54B60FB6-1C9E-46E8-A251-722A1A7569F7}.Release|x64.ActiveCfg = Release|Any CPU
		{54B60FB6-1C9E-46E8-A251-722A1A7569F7}.Release|x64.Build.0 = Release|Any CPU
		{54B60FB6-1C9E-46E8-A251-722A1A7569F7}.Release|x86.ActiveCfg = Release|Any CPU
		{54B60FB6-1C9E-46E8-A251-722A1A7569F7}.Release|x86.Build.0 = Release|Any CPU
		{A3F26C0A-256D-4F95-9CDE-5BBABEBCF833}.Debug|Any CPU.ActiveCfg = Debug|Any CPU
		{A3F26C0A-256D-4F95-9CDE-5BBABEBCF833}.Debug|Any CPU.Build.0 = Debug|Any CPU
		{A3F26C0A-256D-4F95-9CDE-5BBABEBCF833}.Debug|x64.ActiveCfg = Debug|Any CPU
		{A3F26C0A-256D-4F95-9CDE-5BBABEBCF833}.Debug|x64.Build.0 = Debug|Any CPU
		{A3F26C0A-256D-4F95-9CDE-5BBABEBCF833}.Debug|x86.ActiveCfg = Debug|Any CPU
		{A3F26C0A-256D-4F95-9CDE-5BBABEBCF833}.Debug|x86.Build.0 = Debug|Any CPU
		{A3F26C0A-256D-4F95-9CDE-5BBABEBCF833}.Release|Any CPU.ActiveCfg = Release|Any CPU
		{A3F26C0A-256D-4F95-9CDE-5BBABEBCF833}.Release|Any CPU.Build.0 = Release|Any CPU
		{A3F26C0A-256D-4F95-9CDE-5BBABEBCF833}.Release|x64.ActiveCfg = Release|Any CPU
		{A3F26C0A-256D-4F95-9CDE-5BBABEBCF833}.Release|x64.Build.0 = Release|Any CPU
		{A3F26C0A-256D-4F95-9CDE-5BBABEBCF833}.Release|x86.ActiveCfg = Release|Any CPU
		{A3F26C0A-256D-4F95-9CDE-5BBABEBCF833}.Release|x86.Build.0 = Release|Any CPU
		{9EDDF553-D310-4CC2-AFB2-4AD8DB5C8C47}.Debug|Any CPU.ActiveCfg = Debug|Any CPU
		{9EDDF553-D310-4CC2-AFB2-4AD8DB5C8C47}.Debug|Any CPU.Build.0 = Debug|Any CPU
		{9EDDF553-D310-4CC2-AFB2-4AD8DB5C8C47}.Debug|x64.ActiveCfg = Debug|Any CPU
		{9EDDF553-D310-4CC2-AFB2-4AD8DB5C8C47}.Debug|x64.Build.0 = Debug|Any CPU
		{9EDDF553-D310-4CC2-AFB2-4AD8DB5C8C47}.Debug|x86.ActiveCfg = Debug|Any CPU
		{9EDDF553-D310-4CC2-AFB2-4AD8DB5C8C47}.Debug|x86.Build.0 = Debug|Any CPU
		{9EDDF553-D310-4CC2-AFB2-4AD8DB5C8C47}.Release|Any CPU.ActiveCfg = Release|Any CPU
		{9EDDF553-D310-4CC2-AFB2-4AD8DB5C8C47}.Release|Any CPU.Build.0 = Release|Any CPU
		{9EDDF553-D310-4CC2-AFB2-4AD8DB5C8C47}.Release|x64.ActiveCfg = Release|Any CPU
		{9EDDF553-D310-4CC2-AFB2-4AD8DB5C8C47}.Release|x64.Build.0 = Release|Any CPU
		{9EDDF553-D310-4CC2-AFB2-4AD8DB5C8C47}.Release|x86.ActiveCfg = Release|Any CPU
		{9EDDF553-D310-4CC2-AFB2-4AD8DB5C8C47}.Release|x86.Build.0 = Release|Any CPU
		{10745431-8EA1-4246-A502-70E0A593ACB0}.Debug|Any CPU.ActiveCfg = Debug|Any CPU
		{10745431-8EA1-4246-A502-70E0A593ACB0}.Debug|Any CPU.Build.0 = Debug|Any CPU
		{10745431-8EA1-4246-A502-70E0A593ACB0}.Debug|x64.ActiveCfg = Debug|Any CPU
		{10745431-8EA1-4246-A502-70E0A593ACB0}.Debug|x64.Build.0 = Debug|Any CPU
		{10745431-8EA1-4246-A502-70E0A593ACB0}.Debug|x86.ActiveCfg = Debug|Any CPU
		{10745431-8EA1-4246-A502-70E0A593ACB0}.Debug|x86.Build.0 = Debug|Any CPU
		{10745431-8EA1-4246-A502-70E0A593ACB0}.Release|Any CPU.ActiveCfg = Release|Any CPU
		{10745431-8EA1-4246-A502-70E0A593ACB0}.Release|Any CPU.Build.0 = Release|Any CPU
		{10745431-8EA1-4246-A502-70E0A593ACB0}.Release|x64.ActiveCfg = Release|Any CPU
		{10745431-8EA1-4246-A502-70E0A593ACB0}.Release|x64.Build.0 = Release|Any CPU
		{10745431-8EA1-4246-A502-70E0A593ACB0}.Release|x86.ActiveCfg = Release|Any CPU
		{10745431-8EA1-4246-A502-70E0A593ACB0}.Release|x86.Build.0 = Release|Any CPU
		{802118DF-B1B4-4D80-B8C3-0C28C27325A1}.Debug|Any CPU.ActiveCfg = Debug|Any CPU
		{802118DF-B1B4-4D80-B8C3-0C28C27325A1}.Debug|Any CPU.Build.0 = Debug|Any CPU
		{802118DF-B1B4-4D80-B8C3-0C28C27325A1}.Debug|x64.ActiveCfg = Debug|Any CPU
		{802118DF-B1B4-4D80-B8C3-0C28C27325A1}.Debug|x64.Build.0 = Debug|Any CPU
		{802118DF-B1B4-4D80-B8C3-0C28C27325A1}.Debug|x86.ActiveCfg = Debug|Any CPU
		{802118DF-B1B4-4D80-B8C3-0C28C27325A1}.Debug|x86.Build.0 = Debug|Any CPU
		{802118DF-B1B4-4D80-B8C3-0C28C27325A1}.Release|Any CPU.ActiveCfg = Release|Any CPU
		{802118DF-B1B4-4D80-B8C3-0C28C27325A1}.Release|Any CPU.Build.0 = Release|Any CPU
		{802118DF-B1B4-4D80-B8C3-0C28C27325A1}.Release|x64.ActiveCfg = Release|Any CPU
		{802118DF-B1B4-4D80-B8C3-0C28C27325A1}.Release|x64.Build.0 = Release|Any CPU
		{802118DF-B1B4-4D80-B8C3-0C28C27325A1}.Release|x86.ActiveCfg = Release|Any CPU
		{802118DF-B1B4-4D80-B8C3-0C28C27325A1}.Release|x86.Build.0 = Release|Any CPU
		{925F9BBE-EED5-48FB-B28D-EEF97EA53BB5}.Debug|Any CPU.ActiveCfg = Debug|Any CPU
		{925F9BBE-EED5-48FB-B28D-EEF97EA53BB5}.Debug|Any CPU.Build.0 = Debug|Any CPU
		{925F9BBE-EED5-48FB-B28D-EEF97EA53BB5}.Debug|x64.ActiveCfg = Debug|Any CPU
		{925F9BBE-EED5-48FB-B28D-EEF97EA53BB5}.Debug|x64.Build.0 = Debug|Any CPU
		{925F9BBE-EED5-48FB-B28D-EEF97EA53BB5}.Debug|x86.ActiveCfg = Debug|Any CPU
		{925F9BBE-EED5-48FB-B28D-EEF97EA53BB5}.Debug|x86.Build.0 = Debug|Any CPU
		{925F9BBE-EED5-48FB-B28D-EEF97EA53BB5}.Release|Any CPU.ActiveCfg = Release|Any CPU
		{925F9BBE-EED5-48FB-B28D-EEF97EA53BB5}.Release|Any CPU.Build.0 = Release|Any CPU
		{925F9BBE-EED5-48FB-B28D-EEF97EA53BB5}.Release|x64.ActiveCfg = Release|Any CPU
		{925F9BBE-EED5-48FB-B28D-EEF97EA53BB5}.Release|x64.Build.0 = Release|Any CPU
		{925F9BBE-EED5-48FB-B28D-EEF97EA53BB5}.Release|x86.ActiveCfg = Release|Any CPU
		{925F9BBE-EED5-48FB-B28D-EEF97EA53BB5}.Release|x86.Build.0 = Release|Any CPU
	EndGlobalSection
	GlobalSection(SolutionProperties) = preSolution
		HideSolutionNode = FALSE
	EndGlobalSection
	GlobalSection(NestedProjects) = preSolution
		{54B60FB6-1C9E-46E8-A251-722A1A7569F7} = {04EFE030-8EDA-4F7F-9C96-E119D4757C42}
		{A3F26C0A-256D-4F95-9CDE-5BBABEBCF833} = {04EFE030-8EDA-4F7F-9C96-E119D4757C42}
		{9EDDF553-D310-4CC2-AFB2-4AD8DB5C8C47} = {04EFE030-8EDA-4F7F-9C96-E119D4757C42}
		{10745431-8EA1-4246-A502-70E0A593ACB0} = {04EFE030-8EDA-4F7F-9C96-E119D4757C42}
		{802118DF-B1B4-4D80-B8C3-0C28C27325A1} = {04EFE030-8EDA-4F7F-9C96-E119D4757C42}
		{925F9BBE-EED5-48FB-B28D-EEF97EA53BB5} = {61A18549-F841-458E-AF23-54F57A2DFAC2}
	EndGlobalSection
	GlobalSection(ExtensibilityGlobals) = postSolution
		SolutionGuid = {11A87A6E-C5E0-443E-B522-0D3625A69047}
	EndGlobalSection
EndGlobal
