
Microsoft Visual Studio Solution File, Format Version 12.00
# Visual Studio Version 16
VisualStudioVersion = 16.0.30114.105
MinimumVisualStudioVersion = 10.0.40219.1
Project("{FAE04EC0-301F-11D3-BF4B-00C04F79EFBC}") = "ProjectSC", "ProjectSC\ProjectSC.csproj", "{7DDDE64C-8D93-4B31-BD06-23A3B471F5E8}"
EndProject
Project("{2150E333-8FDC-42A3-9474-1A3956D46DE8}") = "Solution Items", "Solution Items", "{8933759C-B163-4EE9-BCF3-CD93F767FDB7}"
	ProjectSection(SolutionItems) = preProject
		ProjectSC\bin\Debug\Inventory.json = ProjectSC\bin\Debug\Inventory.json
	EndProjectSection
EndProject
Global
	GlobalSection(SolutionConfigurationPlatforms) = preSolution
		Debug|Any CPU = Debug|Any CPU
		Release|Any CPU = Release|Any CPU
	EndGlobalSection
	GlobalSection(ProjectConfigurationPlatforms) = postSolution
		{7DDDE64C-8D93-4B31-BD06-23A3B471F5E8}.Debug|Any CPU.ActiveCfg = Debug|Any CPU
		{7DDDE64C-8D93-4B31-BD06-23A3B471F5E8}.Debug|Any CPU.Build.0 = Debug|Any CPU
		{7DDDE64C-8D93-4B31-BD06-23A3B471F5E8}.Release|Any CPU.ActiveCfg = Release|Any CPU
		{7DDDE64C-8D93-4B31-BD06-23A3B471F5E8}.Release|Any CPU.Build.0 = Release|Any CPU
	EndGlobalSection
	GlobalSection(SolutionProperties) = preSolution
		HideSolutionNode = FALSE
	EndGlobalSection
	GlobalSection(ExtensibilityGlobals) = postSolution
		SolutionGuid = {11A87A6E-C5E0-443E-B522-0D3625A69047}
	EndGlobalSection
EndGlobal
